
Microsoft Visual Studio Solution File, Format Version 12.00
# Visual Studio Version 17
VisualStudioVersion = 17.0.31903.59
MinimumVisualStudioVersion = 10.0.40219.1
Project("{9A19103F-16F7-4668-BE54-9A1E7A4F7556}") = "BlazorApp.Api", "BlazorApp.Api\BlazorApp.Api.csproj", "{5AED476C-844F-4392-9380-95B64693ADB1}"
EndProject
Project("{9A19103F-16F7-4668-BE54-9A1E7A4F7556}") = "BlazorApp.Shared", "BlazorApp.Shared\BlazorApp.Shared.csproj", "{2C1CB926-5F19-4680-A8C7-F1914EFB4978}"
EndProject
Project("{9A19103F-16F7-4668-BE54-9A1E7A4F7556}") = "BlazorApp.Web", "BlazorApp.Web\BlazorApp.Web.csproj", "{4D5CF51C-F0FA-405D-BD5C-37EBA63E66D8}"
EndProject
Global
	GlobalSection(SolutionConfigurationPlatforms) = preSolution
		Debug|Any CPU = Debug|Any CPU
		Release|Any CPU = Release|Any CPU
	EndGlobalSection
	GlobalSection(ProjectConfigurationPlatforms) = postSolution
		{5AED476C-844F-4392-9380-95B64693ADB1}.Debug|Any CPU.ActiveCfg = Debug|Any CPU
		{5AED476C-844F-4392-9380-95B64693ADB1}.Debug|Any CPU.Build.0 = Debug|Any CPU
		{5AED476C-844F-4392-9380-95B64693ADB1}.Release|Any CPU.ActiveCfg = Release|Any CPU
		{5AED476C-844F-4392-9380-95B64693ADB1}.Release|Any CPU.Build.0 = Release|Any CPU
		{2C1CB926-5F19-4680-A8C7-F1914EFB4978}.Debug|Any CPU.ActiveCfg = Debug|Any CPU
		{2C1CB926-5F19-4680-A8C7-F1914EFB4978}.Debug|Any CPU.Build.0 = Debug|Any CPU
		{2C1CB926-5F19-4680-A8C7-F1914EFB4978}.Release|Any CPU.ActiveCfg = Release|Any CPU
		{2C1CB926-5F19-4680-A8C7-F1914EFB4978}.Release|Any CPU.Build.0 = Release|Any CPU
		{4D5CF51C-F0FA-405D-BD5C-37EBA63E66D8}.Debug|Any CPU.ActiveCfg = Debug|Any CPU
		{4D5CF51C-F0FA-405D-BD5C-37EBA63E66D8}.Debug|Any CPU.Build.0 = Debug|Any CPU
		{4D5CF51C-F0FA-405D-BD5C-37EBA63E66D8}.Release|Any CPU.ActiveCfg = Release|Any CPU
		{4D5CF51C-F0FA-405D-BD5C-37EBA63E66D8}.Release|Any CPU.Build.0 = Release|Any CPU
	EndGlobalSection
	GlobalSection(SolutionProperties) = preSolution
		HideSolutionNode = FALSE
	EndGlobalSection
	GlobalSection(ExtensibilityGlobals) = postSolution
		SolutionGuid = {B62697C8-F408-42FC-B906-82E04516555B}
	EndGlobalSection
EndGlobal
